
Microsoft Visual Studio Solution File, Format Version 12.00
# Visual Studio Version 17
VisualStudioVersion = 17.14.36221.1 d17.14
MinimumVisualStudioVersion = 10.0.40219.1
Project("{888888A0-9F3D-457C-B088-3A5042F75D52}") = "Simple doc Interpreter", "Simple doc Interpreter.pyproj", "{A60C49FC-8878-45C7-ADB1-00DE1E3D4372}"
EndProject
Global
	GlobalSection(SolutionConfigurationPlatforms) = preSolution
		Debug|Any CPU = Debug|Any CPU
		Release|Any CPU = Release|Any CPU
	EndGlobalSection
	GlobalSection(ProjectConfigurationPlatforms) = postSolution
		{A60C49FC-8878-45C7-ADB1-00DE1E3D4372}.Debug|Any CPU.ActiveCfg = Debug|Any CPU
		{A60C49FC-8878-45C7-ADB1-00DE1E3D4372}.Release|Any CPU.ActiveCfg = Release|Any CPU
	EndGlobalSection
	GlobalSection(SolutionProperties) = preSolution
		HideSolutionNode = FALSE
	EndGlobalSection
	GlobalSection(ExtensibilityGlobals) = postSolution
		SolutionGuid = {F3A995F0-0171-4D83-8059-A56CDF9F4510}
	EndGlobalSection
EndGlobal
